
Microsoft Visual Studio Solution File, Format Version 12.00
# Visual Studio Version 16
VisualStudioVersion = 16.0.28729.10
MinimumVisualStudioVersion = 10.0.40219.1
Project("{FAE04EC0-301F-11D3-BF4B-00C04F79EFBC}") = "TradingTest", "TradingTest\TradingTest.csproj", "{AB49F929-FC1B-408B-96C6-43CE735599BA}"
EndProject
Project("{9A19103F-16F7-4668-BE54-9A1E7A4F7556}") = "Alpaca.Markets", "..\Alpaca\Alpaca.Markets\Alpaca.Markets.csproj", "{076DD2D5-BCA0-41BA-A553-D39C470A3573}"
EndProject
Global
	GlobalSection(SolutionConfigurationPlatforms) = preSolution
		Debug|Any CPU = Debug|Any CPU
		Release|Any CPU = Release|Any CPU
	EndGlobalSection
	GlobalSection(ProjectConfigurationPlatforms) = postSolution
		{AB49F929-FC1B-408B-96C6-43CE735599BA}.Debug|Any CPU.ActiveCfg = Debug|Any CPU
		{AB49F929-FC1B-408B-96C6-43CE735599BA}.Debug|Any CPU.Build.0 = Debug|Any CPU
		{AB49F929-FC1B-408B-96C6-43CE735599BA}.Release|Any CPU.ActiveCfg = Release|Any CPU
		{AB49F929-FC1B-408B-96C6-43CE735599BA}.Release|Any CPU.Build.0 = Release|Any CPU
		{076DD2D5-BCA0-41BA-A553-D39C470A3573}.Debug|Any CPU.ActiveCfg = Debug|Any CPU
		{076DD2D5-BCA0-41BA-A553-D39C470A3573}.Debug|Any CPU.Build.0 = Debug|Any CPU
		{076DD2D5-BCA0-41BA-A553-D39C470A3573}.Release|Any CPU.ActiveCfg = Release|Any CPU
		{076DD2D5-BCA0-41BA-A553-D39C470A3573}.Release|Any CPU.Build.0 = Release|Any CPU
	EndGlobalSection
	GlobalSection(SolutionProperties) = preSolution
		HideSolutionNode = FALSE
	EndGlobalSection
	GlobalSection(ExtensibilityGlobals) = postSolution
		SolutionGuid = {83C7F996-E6F6-43B5-81EA-CC395D472FC2}
	EndGlobalSection
EndGlobal
